// !$*UTF8*$!
{
	archiveVersion = 1;
	classes = {
	};
	objectVersion = 52;
	objects = {

/* Begin PBXBuildFile section */
		C906C7B7246BB391001C902F /* ReadMe.swift in Sources */ = {isa = PBXBuildFile; fileRef = C906C7B6246BB391001C902F /* ReadMe.swift */; };
		C9EEE2EB246532F60033E224 /* AppDelegate.swift in Sources */ = {isa = PBXBuildFile; fileRef = C9EEE2EA246532F60033E224 /* AppDelegate.swift */; };
		C9EEE2ED246532F60033E224 /* SceneDelegate.swift in Sources */ = {isa = PBXBuildFile; fileRef = C9EEE2EC246532F60033E224 /* SceneDelegate.swift */; };
		C9EEE2F4246532F90033E224 /* Assets.xcassets in Resources */ = {isa = PBXBuildFile; fileRef = C9EEE2F3246532F90033E224 /* Assets.xcassets */; };
		C9EEE2F7246532F90033E224 /* LaunchScreen.storyboard in Resources */ = {isa = PBXBuildFile; fileRef = C9EEE2F5246532F90033E224 /* LaunchScreen.storyboard */; };
		C9EEE30A246533CB0033E224 /* MainTabBarController.swift in Sources */ = {isa = PBXBuildFile; fileRef = C9EEE302246533CA0033E224 /* MainTabBarController.swift */; };
		C9EEE30B246533CB0033E224 /* SignUpViewController.swift in Sources */ = {isa = PBXBuildFile; fileRef = C9EEE303246533CA0033E224 /* SignUpViewController.swift */; };
		C9EEE30C246533CB0033E224 /* HomeViewController.swift in Sources */ = {isa = PBXBuildFile; fileRef = C9EEE304246533CA0033E224 /* HomeViewController.swift */; };
		C9EEE30D246533CB0033E224 /* NewSheetViewController.swift in Sources */ = {isa = PBXBuildFile; fileRef = C9EEE305246533CA0033E224 /* NewSheetViewController.swift */; };
		C9EEE30E246533CB0033E224 /* ProfileViewController.swift in Sources */ = {isa = PBXBuildFile; fileRef = C9EEE306246533CA0033E224 /* ProfileViewController.swift */; };
		C9EEE30F246533CB0033E224 /* ClassicSheetSecondViewController.swift in Sources */ = {isa = PBXBuildFile; fileRef = C9EEE307246533CA0033E224 /* ClassicSheetSecondViewController.swift */; };
		C9EEE310246533CB0033E224 /* ClassicSheetFirstViewController.swift in Sources */ = {isa = PBXBuildFile; fileRef = C9EEE308246533CA0033E224 /* ClassicSheetFirstViewController.swift */; };
		C9EEE311246533CB0033E224 /* AuthViewController.swift in Sources */ = {isa = PBXBuildFile; fileRef = C9EEE309246533CB0033E224 /* AuthViewController.swift */; };
		C9EEE315246533E30033E224 /* AuthNavigator.swift in Sources */ = {isa = PBXBuildFile; fileRef = C9EEE313246533E30033E224 /* AuthNavigator.swift */; };
		C9EEE316246533E30033E224 /* HomeNavigator.swift in Sources */ = {isa = PBXBuildFile; fileRef = C9EEE314246533E30033E224 /* HomeNavigator.swift */; };
		C9EEE318246534160033E224 /* FeedNavigator.swift in Sources */ = {isa = PBXBuildFile; fileRef = C9EEE317246534160033E224 /* FeedNavigator.swift */; };
		C9EEE31A2465345F0033E224 /* FeedViewController.swift in Sources */ = {isa = PBXBuildFile; fileRef = C9EEE3192465345F0033E224 /* FeedViewController.swift */; };
		C9EEE31D24653D370033E224 /* SparkUI in Frameworks */ = {isa = PBXBuildFile; productRef = C9EEE31C24653D370033E224 /* SparkUI */; };
/* End PBXBuildFile section */

/* Begin PBXFileReference section */
		C906C7B6246BB391001C902F /* ReadMe.swift */ = {isa = PBXFileReference; lastKnownFileType = sourcecode.swift; path = ReadMe.swift; sourceTree = "<group>"; };
		C9EEE2E7246532F60033E224 /* SNavigatorDemo.app */ = {isa = PBXFileReference; explicitFileType = wrapper.application; includeInIndex = 0; path = SNavigatorDemo.app; sourceTree = BUILT_PRODUCTS_DIR; };
		C9EEE2EA246532F60033E224 /* AppDelegate.swift */ = {isa = PBXFileReference; lastKnownFileType = sourcecode.swift; path = AppDelegate.swift; sourceTree = "<group>"; };
		C9EEE2EC246532F60033E224 /* SceneDelegate.swift */ = {isa = PBXFileReference; lastKnownFileType = sourcecode.swift; path = SceneDelegate.swift; sourceTree = "<group>"; };
		C9EEE2F3246532F90033E224 /* Assets.xcassets */ = {isa = PBXFileReference; lastKnownFileType = folder.assetcatalog; path = Assets.xcassets; sourceTree = "<group>"; };
		C9EEE2F6246532F90033E224 /* Base */ = {isa = PBXFileReference; lastKnownFileType = file.storyboard; name = Base; path = Base.lproj/LaunchScreen.storyboard; sourceTree = "<group>"; };
		C9EEE2F8246532F90033E224 /* Info.plist */ = {isa = PBXFileReference; lastKnownFileType = text.plist.xml; path = Info.plist; sourceTree = "<group>"; };
		C9EEE302246533CA0033E224 /* MainTabBarController.swift */ = {isa = PBXFileReference; fileEncoding = 4; lastKnownFileType = sourcecode.swift; path = MainTabBarController.swift; sourceTree = "<group>"; };
		C9EEE303246533CA0033E224 /* SignUpViewController.swift */ = {isa = PBXFileReference; fileEncoding = 4; lastKnownFileType = sourcecode.swift; path = SignUpViewController.swift; sourceTree = "<group>"; };
		C9EEE304246533CA0033E224 /* HomeViewController.swift */ = {isa = PBXFileReference; fileEncoding = 4; lastKnownFileType = sourcecode.swift; path = HomeViewController.swift; sourceTree = "<group>"; };
		C9EEE305246533CA0033E224 /* NewSheetViewController.swift */ = {isa = PBXFileReference; fileEncoding = 4; lastKnownFileType = sourcecode.swift; path = NewSheetViewController.swift; sourceTree = "<group>"; };
		C9EEE306246533CA0033E224 /* ProfileViewController.swift */ = {isa = PBXFileReference; fileEncoding = 4; lastKnownFileType = sourcecode.swift; path = ProfileViewController.swift; sourceTree = "<group>"; };
		C9EEE307246533CA0033E224 /* ClassicSheetSecondViewController.swift */ = {isa = PBXFileReference; fileEncoding = 4; lastKnownFileType = sourcecode.swift; path = ClassicSheetSecondViewController.swift; sourceTree = "<group>"; };
		C9EEE308246533CA0033E224 /* ClassicSheetFirstViewController.swift */ = {isa = PBXFileReference; fileEncoding = 4; lastKnownFileType = sourcecode.swift; path = ClassicSheetFirstViewController.swift; sourceTree = "<group>"; };
		C9EEE309246533CB0033E224 /* AuthViewController.swift */ = {isa = PBXFileReference; fileEncoding = 4; lastKnownFileType = sourcecode.swift; path = AuthViewController.swift; sourceTree = "<group>"; };
		C9EEE313246533E30033E224 /* AuthNavigator.swift */ = {isa = PBXFileReference; fileEncoding = 4; lastKnownFileType = sourcecode.swift; path = AuthNavigator.swift; sourceTree = "<group>"; };
		C9EEE314246533E30033E224 /* HomeNavigator.swift */ = {isa = PBXFileReference; fileEncoding = 4; lastKnownFileType = sourcecode.swift; path = HomeNavigator.swift; sourceTree = "<group>"; };
		C9EEE317246534160033E224 /* FeedNavigator.swift */ = {isa = PBXFileReference; lastKnownFileType = sourcecode.swift; path = FeedNavigator.swift; sourceTree = "<group>"; };
		C9EEE3192465345F0033E224 /* FeedViewController.swift */ = {isa = PBXFileReference; lastKnownFileType = sourcecode.swift; path = FeedViewController.swift; sourceTree = "<group>"; };
/* End PBXFileReference section */

/* Begin PBXFrameworksBuildPhase section */
		C9EEE2E4246532F60033E224 /* Frameworks */ = {
			isa = PBXFrameworksBuildPhase;
			buildActionMask = 2147483647;
			files = (
				C9EEE31D24653D370033E224 /* SparkUI in Frameworks */,
			);
			runOnlyForDeploymentPostprocessing = 0;
		};
/* End PBXFrameworksBuildPhase section */

/* Begin PBXGroup section */
		C9EEE2DE246532F60033E224 = {
			isa = PBXGroup;
			children = (
				C9EEE2E9246532F60033E224 /* SNavigatorDemo */,
				C9EEE2E8246532F60033E224 /* Products */,
			);
			sourceTree = "<group>";
		};
		C9EEE2E8246532F60033E224 /* Products */ = {
			isa = PBXGroup;
			children = (
				C9EEE2E7246532F60033E224 /* SNavigatorDemo.app */,
			);
			name = Products;
			sourceTree = "<group>";
		};
		C9EEE2E9246532F60033E224 /* SNavigatorDemo */ = {
			isa = PBXGroup;
			children = (
				C9EEE312246533CE0033E224 /* Navigators */,
				C9EEE301246533B40033E224 /* ViewControllers */,
				C9EEE2EA246532F60033E224 /* AppDelegate.swift */,
				C9EEE2EC246532F60033E224 /* SceneDelegate.swift */,
				C9EEE2F3246532F90033E224 /* Assets.xcassets */,
				C9EEE2F5246532F90033E224 /* LaunchScreen.storyboard */,
				C9EEE2F8246532F90033E224 /* Info.plist */,
				C906C7B6246BB391001C902F /* ReadMe.swift */,
			);
			path = SNavigatorDemo;
			sourceTree = "<group>";
		};
		C9EEE301246533B40033E224 /* ViewControllers */ = {
			isa = PBXGroup;
			children = (
				C9EEE309246533CB0033E224 /* AuthViewController.swift */,
				C9EEE308246533CA0033E224 /* ClassicSheetFirstViewController.swift */,
				C9EEE307246533CA0033E224 /* ClassicSheetSecondViewController.swift */,
				C9EEE3192465345F0033E224 /* FeedViewController.swift */,
				C9EEE304246533CA0033E224 /* HomeViewController.swift */,
				C9EEE302246533CA0033E224 /* MainTabBarController.swift */,
				C9EEE305246533CA0033E224 /* NewSheetViewController.swift */,
				C9EEE306246533CA0033E224 /* ProfileViewController.swift */,
				C9EEE303246533CA0033E224 /* SignUpViewController.swift */,
			);
			path = ViewControllers;
			sourceTree = "<group>";
		};
		C9EEE312246533CE0033E224 /* Navigators */ = {
			isa = PBXGroup;
			children = (
				C9EEE313246533E30033E224 /* AuthNavigator.swift */,
				C9EEE317246534160033E224 /* FeedNavigator.swift */,
				C9EEE314246533E30033E224 /* HomeNavigator.swift */,
			);
			path = Navigators;
			sourceTree = "<group>";
		};
/* End PBXGroup section */

/* Begin PBXNativeTarget section */
		C9EEE2E6246532F60033E224 /* SNavigatorDemo */ = {
			isa = PBXNativeTarget;
			buildConfigurationList = C9EEE2FB246532F90033E224 /* Build configuration list for PBXNativeTarget "SNavigatorDemo" */;
			buildPhases = (
				C9EEE2E3246532F60033E224 /* Sources */,
				C9EEE2E4246532F60033E224 /* Frameworks */,
				C9EEE2E5246532F60033E224 /* Resources */,
			);
			buildRules = (
			);
			dependencies = (
			);
			name = SNavigatorDemo;
			packageProductDependencies = (
				C9EEE31C24653D370033E224 /* SparkUI */,
			);
			productName = SNavigatorDemo;
			productReference = C9EEE2E7246532F60033E224 /* SNavigatorDemo.app */;
			productType = "com.apple.product-type.application";
		};
/* End PBXNativeTarget section */

/* Begin PBXProject section */
		C9EEE2DF246532F60033E224 /* Project object */ = {
			isa = PBXProject;
			attributes = {
				LastSwiftUpdateCheck = 1140;
				LastUpgradeCheck = 1140;
				ORGANIZATIONNAME = "Alex Nagy";
				TargetAttributes = {
					C9EEE2E6246532F60033E224 = {
						CreatedOnToolsVersion = 11.4.1;
					};
				};
			};
			buildConfigurationList = C9EEE2E2246532F60033E224 /* Build configuration list for PBXProject "SNavigatorDemo" */;
			compatibilityVersion = "Xcode 9.3";
			developmentRegion = en;
			hasScannedForEncodings = 0;
			knownRegions = (
				en,
				Base,
			);
			mainGroup = C9EEE2DE246532F60033E224;
			packageReferences = (
				C9EEE31B24653D370033E224 /* XCRemoteSwiftPackageReference "SparkUI" */,
			);
			productRefGroup = C9EEE2E8246532F60033E224 /* Products */;
			projectDirPath = "";
			projectRoot = "";
			targets = (
				C9EEE2E6246532F60033E224 /* SNavigatorDemo */,
			);
		};
/* End PBXProject section */

/* Begin PBXResourcesBuildPhase section */
		C9EEE2E5246532F60033E224 /* Resources */ = {
			isa = PBXResourcesBuildPhase;
			buildActionMask = 2147483647;
			files = (
				C9EEE2F7246532F90033E224 /* LaunchScreen.storyboard in Resources */,
				C9EEE2F4246532F90033E224 /* Assets.xcassets in Resources */,
			);
			runOnlyForDeploymentPostprocessing = 0;
		};
/* End PBXResourcesBuildPhase section */

/* Begin PBXSourcesBuildPhase section */
		C9EEE2E3246532F60033E224 /* Sources */ = {
			isa = PBXSourcesBuildPhase;
			buildActionMask = 2147483647;
			files = (
				C9EEE311246533CB0033E224 /* AuthViewController.swift in Sources */,
				C9EEE2EB246532F60033E224 /* AppDelegate.swift in Sources */,
				C9EEE30F246533CB0033E224 /* ClassicSheetSecondViewController.swift in Sources */,
				C906C7B7246BB391001C902F /* ReadMe.swift in Sources */,
				C9EEE316246533E30033E224 /* HomeNavigator.swift in Sources */,
				C9EEE30A246533CB0033E224 /* MainTabBarController.swift in Sources */,
				C9EEE2ED246532F60033E224 /* SceneDelegate.swift in Sources */,
				C9EEE31A2465345F0033E224 /* FeedViewController.swift in Sources */,
				C9EEE30B246533CB0033E224 /* SignUpViewController.swift in Sources */,
				C9EEE30C246533CB0033E224 /* HomeViewController.swift in Sources */,
				C9EEE318246534160033E224 /* FeedNavigator.swift in Sources */,
				C9EEE30E246533CB0033E224 /* ProfileViewController.swift in Sources */,
				C9EEE310246533CB0033E224 /* ClassicSheetFirstViewController.swift in Sources */,
				C9EEE30D246533CB0033E224 /* NewSheetViewController.swift in Sources */,
				C9EEE315246533E30033E224 /* AuthNavigator.swift in Sources */,
			);
			runOnlyForDeploymentPostprocessing = 0;
		};
/* End PBXSourcesBuildPhase section */

/* Begin PBXVariantGroup section */
		C9EEE2F5246532F90033E224 /* LaunchScreen.storyboard */ = {
			isa = PBXVariantGroup;
			children = (
				C9EEE2F6246532F90033E224 /* Base */,
			);
			name = LaunchScreen.storyboard;
			sourceTree = "<group>";
		};
/* End PBXVariantGroup section */

/* Begin XCBuildConfiguration section */
		C9EEE2F9246532F90033E224 /* Debug */ = {
			isa = XCBuildConfiguration;
			buildSettings = {
				ALWAYS_SEARCH_USER_PATHS = NO;
				CLANG_ANALYZER_NONNULL = YES;
				CLANG_ANALYZER_NUMBER_OBJECT_CONVERSION = YES_AGGRESSIVE;
				CLANG_CXX_LANGUAGE_STANDARD = "gnu++14";
				CLANG_CXX_LIBRARY = "libc++";
				CLANG_ENABLE_MODULES = YES;
				CLANG_ENABLE_OBJC_ARC = YES;
				CLANG_ENABLE_OBJC_WEAK = YES;
				CLANG_WARN_BLOCK_CAPTURE_AUTORELEASING = YES;
				CLANG_WARN_BOOL_CONVERSION = YES;
				CLANG_WARN_COMMA = YES;
				CLANG_WARN_CONSTANT_CONVERSION = YES;
				CLANG_WARN_DEPRECATED_OBJC_IMPLEMENTATIONS = YES;
				CLANG_WARN_DIRECT_OBJC_ISA_USAGE = YES_ERROR;
				CLANG_WARN_DOCUMENTATION_COMMENTS = YES;
				CLANG_WARN_EMPTY_BODY = YES;
				CLANG_WARN_ENUM_CONVERSION = YES;
				CLANG_WARN_INFINITE_RECURSION = YES;
				CLANG_WARN_INT_CONVERSION = YES;
				CLANG_WARN_NON_LITERAL_NULL_CONVERSION = YES;
				CLANG_WARN_OBJC_IMPLICIT_RETAIN_SELF = YES;
				CLANG_WARN_OBJC_LITERAL_CONVERSION = YES;
				CLANG_WARN_OBJC_ROOT_CLASS = YES_ERROR;
				CLANG_WARN_RANGE_LOOP_ANALYSIS = YES;
				CLANG_WARN_STRICT_PROTOTYPES = YES;
				CLANG_WARN_SUSPICIOUS_MOVE = YES;
				CLANG_WARN_UNGUARDED_AVAILABILITY = YES_AGGRESSIVE;
				CLANG_WARN_UNREACHABLE_CODE = YES;
				CLANG_WARN__DUPLICATE_METHOD_MATCH = YES;
				COPY_PHASE_STRIP = NO;
				DEBUG_INFORMATION_FORMAT = dwarf;
				ENABLE_STRICT_OBJC_MSGSEND = YES;
				ENABLE_TESTABILITY = YES;
				GCC_C_LANGUAGE_STANDARD = gnu11;
				GCC_DYNAMIC_NO_PIC = NO;
				GCC_NO_COMMON_BLOCKS = YES;
				GCC_OPTIMIZATION_LEVEL = 0;
				GCC_PREPROCESSOR_DEFINITIONS = (
					"DEBUG=1",
					"$(inherited)",
				);
				GCC_WARN_64_TO_32_BIT_CONVERSION = YES;
				GCC_WARN_ABOUT_RETURN_TYPE = YES_ERROR;
				GCC_WARN_UNDECLARED_SELECTOR = YES;
				GCC_WARN_UNINITIALIZED_AUTOS = YES_AGGRESSIVE;
				GCC_WARN_UNUSED_FUNCTION = YES;
				GCC_WARN_UNUSED_VARIABLE = YES;
				IPHONEOS_DEPLOYMENT_TARGET = 13.4;
				MTL_ENABLE_DEBUG_INFO = INCLUDE_SOURCE;
				MTL_FAST_MATH = YES;
				ONLY_ACTIVE_ARCH = YES;
				SDKROOT = iphoneos;
				SWIFT_ACTIVE_COMPILATION_CONDITIONS = DEBUG;
				SWIFT_OPTIMIZATION_LEVEL = "-Onone";
			};
			name = Debug;
		};
		C9EEE2FA246532F90033E224 /* Release */ = {
			isa = XCBuildConfiguration;
			buildSettings = {
				ALWAYS_SEARCH_USER_PATHS = NO;
				CLANG_ANALYZER_NONNULL = YES;
				CLANG_ANALYZER_NUMBER_OBJECT_CONVERSION = YES_AGGRESSIVE;
				CLANG_CXX_LANGUAGE_STANDARD = "gnu++14";
				CLANG_CXX_LIBRARY = "libc++";
				CLANG_ENABLE_MODULES = YES;
				CLANG_ENABLE_OBJC_ARC = YES;
				CLANG_ENABLE_OBJC_WEAK = YES;
				CLANG_WARN_BLOCK_CAPTURE_AUTORELEASING = YES;
				CLANG_WARN_BOOL_CONVERSION = YES;
				CLANG_WARN_COMMA = YES;
				CLANG_WARN_CONSTANT_CONVERSION = YES;
				CLANG_WARN_DEPRECATED_OBJC_IMPLEMENTATIONS = YES;
				CLANG_WARN_DIRECT_OBJC_ISA_USAGE = YES_ERROR;
				CLANG_WARN_DOCUMENTATION_COMMENTS = YES;
				CLANG_WARN_EMPTY_BODY = YES;
				CLANG_WARN_ENUM_CONVERSION = YES;
				CLANG_WARN_INFINITE_RECURSION = YES;
				CLANG_WARN_INT_CONVERSION = YES;
				CLANG_WARN_NON_LITERAL_NULL_CONVERSION = YES;
				CLANG_WARN_OBJC_IMPLICIT_RETAIN_SELF = YES;
				CLANG_WARN_OBJC_LITERAL_CONVERSION = YES;
				CLANG_WARN_OBJC_ROOT_CLASS = YES_ERROR;
				CLANG_WARN_RANGE_LOOP_ANALYSIS = YES;
				CLANG_WARN_STRICT_PROTOTYPES = YES;
				CLANG_WARN_SUSPICIOUS_MOVE = YES;
				CLANG_WARN_UNGUARDED_AVAILABILITY = YES_AGGRESSIVE;
				CLANG_WARN_UNREACHABLE_CODE = YES;
				CLANG_WARN__DUPLICATE_METHOD_MATCH = YES;
				COPY_PHASE_STRIP = NO;
				DEBUG_INFORMATION_FORMAT = "dwarf-with-dsym";
				ENABLE_NS_ASSERTIONS = NO;
				ENABLE_STRICT_OBJC_MSGSEND = YES;
				GCC_C_LANGUAGE_STANDARD = gnu11;
				GCC_NO_COMMON_BLOCKS = YES;
				GCC_WARN_64_TO_32_BIT_CONVERSION = YES;
				GCC_WARN_ABOUT_RETURN_TYPE = YES_ERROR;
				GCC_WARN_UNDECLARED_SELECTOR = YES;
				GCC_WARN_UNINITIALIZED_AUTOS = YES_AGGRESSIVE;
				GCC_WARN_UNUSED_FUNCTION = YES;
				GCC_WARN_UNUSED_VARIABLE = YES;
				IPHONEOS_DEPLOYMENT_TARGET = 13.4;
				MTL_ENABLE_DEBUG_INFO = NO;
				MTL_FAST_MATH = YES;
				SDKROOT = iphoneos;
				SWIFT_COMPILATION_MODE = wholemodule;
				SWIFT_OPTIMIZATION_LEVEL = "-O";
				VALIDATE_PRODUCT = YES;
			};
			name = Release;
		};
		C9EEE2FC246532F90033E224 /* Debug */ = {
			isa = XCBuildConfiguration;
			buildSettings = {
				ASSETCATALOG_COMPILER_APPICON_NAME = AppIcon;
				CODE_SIGN_STYLE = Automatic;
				DEVELOPMENT_TEAM = R252PR8AVU;
				INFOPLIST_FILE = SNavigatorDemo/Info.plist;
				LD_RUNPATH_SEARCH_PATHS = (
					"$(inherited)",
					"@executable_path/Frameworks",
				);
				PRODUCT_BUNDLE_IDENTIFIER = com.rebeloper.SNavigatorDemo;
				PRODUCT_NAME = "$(TARGET_NAME)";
				SWIFT_VERSION = 5.0;
				TARGETED_DEVICE_FAMILY = "1,2";
			};
			name = Debug;
		};
		C9EEE2FD246532F90033E224 /* Release */ = {
			isa = XCBuildConfiguration;
			buildSettings = {
				ASSETCATALOG_COMPILER_APPICON_NAME = AppIcon;
				CODE_SIGN_STYLE = Automatic;
				DEVELOPMENT_TEAM = R252PR8AVU;
				INFOPLIST_FILE = SNavigatorDemo/Info.plist;
				LD_RUNPATH_SEARCH_PATHS = (
					"$(inherited)",
					"@executable_path/Frameworks",
				);
				PRODUCT_BUNDLE_IDENTIFIER = com.rebeloper.SNavigatorDemo;
				PRODUCT_NAME = "$(TARGET_NAME)";
				SWIFT_VERSION = 5.0;
				TARGETED_DEVICE_FAMILY = "1,2";
			};
			name = Release;
		};
/* End XCBuildConfiguration section */

/* Begin XCConfigurationList section */
		C9EEE2E2246532F60033E224 /* Build configuration list for PBXProject "SNavigatorDemo" */ = {
			isa = XCConfigurationList;
			buildConfigurations = (
				C9EEE2F9246532F90033E224 /* Debug */,
				C9EEE2FA246532F90033E224 /* Release */,
			);
			defaultConfigurationIsVisible = 0;
			defaultConfigurationName = Release;
		};
		C9EEE2FB246532F90033E224 /* Build configuration list for PBXNativeTarget "SNavigatorDemo" */ = {
			isa = XCConfigurationList;
			buildConfigurations = (
				C9EEE2FC246532F90033E224 /* Debug */,
				C9EEE2FD246532F90033E224 /* Release */,
			);
			defaultConfigurationIsVisible = 0;
			defaultConfigurationName = Release;
		};
/* End XCConfigurationList section */

/* Begin XCRemoteSwiftPackageReference section */
		C9EEE31B24653D370033E224 /* XCRemoteSwiftPackageReference "SparkUI" */ = {
			isa = XCRemoteSwiftPackageReference;
			repositoryURL = "https://github.com/rebeloper/SparkUI.git";
			requirement = {
				kind = upToNextMajorVersion;
				minimumVersion = 0.6.85;
			};
		};
/* End XCRemoteSwiftPackageReference section */

/* Begin XCSwiftPackageProductDependency section */
		C9EEE31C24653D370033E224 /* SparkUI */ = {
			isa = XCSwiftPackageProductDependency;
			package = C9EEE31B24653D370033E224 /* XCRemoteSwiftPackageReference "SparkUI" */;
			productName = SparkUI;
		};
/* End XCSwiftPackageProductDependency section */
	};
	rootObject = C9EEE2DF246532F60033E224 /* Project object */;
}
